# THIS IS AN AUTOGENERATED FILE. DO NOT EDIT THIS FILE DIRECTLY.
# yarn lockfile v1


"@octokit/endpoint@^9.0.1":
  version "9.0.5"
  resolved "https://registry.yarnpkg.com/@octokit/endpoint/-/endpoint-9.0.5.tgz#e6c0ee684e307614c02fc6ac12274c50da465c44"
  integrity sha512-ekqR4/+PCLkEBF6qgj8WqJfvDq65RH85OAgrtnVp1mSxaXF03u2xW/hUdweGS5654IlC0wkNYC18Z50tSYTAFw==
  dependencies:
    "@octokit/types" "^13.1.0"
    universal-user-agent "^6.0.0"

"@octokit/graphql@^7.0.0":
  version "7.1.0"
  resolved "https://registry.yarnpkg.com/@octokit/graphql/-/graphql-7.1.0.tgz#9bc1c5de92f026648131f04101cab949eeffe4e0"
  integrity sha512-r+oZUH7aMFui1ypZnAvZmn0KSqAUgE1/tUXIWaqUCa1758ts/Jio84GZuzsvUkme98kv0WFY8//n0J1Z+vsIsQ==
  dependencies:
    "@octokit/request" "^8.3.0"
    "@octokit/types" "^13.0.0"
    universal-user-agent "^6.0.0"

"@octokit/openapi-types@^22.2.0":
  version "22.2.0"
  resolved "https://registry.yarnpkg.com/@octokit/openapi-types/-/openapi-types-22.2.0.tgz#75aa7dcd440821d99def6a60b5f014207ae4968e"
  integrity sha512-QBhVjcUa9W7Wwhm6DBFu6ZZ+1/t/oYxqc2tp81Pi41YNuJinbFRx8B133qVOrAaBbF7D/m0Et6f9/pZt9Rc+tg==

"@octokit/request-error@^5.1.0":
  version "5.1.0"
  resolved "https://registry.yarnpkg.com/@octokit/request-error/-/request-error-5.1.0.tgz#ee4138538d08c81a60be3f320cd71063064a3b30"
  integrity sha512-GETXfE05J0+7H2STzekpKObFe765O5dlAKUTLNGeH+x47z7JjXHfsHKo5z21D/o/IOZTUEI6nyWyR+bZVP/n5Q==
  dependencies:
    "@octokit/types" "^13.1.0"
    deprecation "^2.0.0"
    once "^1.4.0"

"@octokit/request@^8.3.0":
  version "8.4.0"
  resolved "https://registry.yarnpkg.com/@octokit/request/-/request-8.4.0.tgz#7f4b7b1daa3d1f48c0977ad8fffa2c18adef8974"
  integrity sha512-9Bb014e+m2TgBeEJGEbdplMVWwPmL1FPtggHQRkV+WVsMggPtEkLKPlcVYm/o8xKLkpJ7B+6N8WfQMtDLX2Dpw==
  dependencies:
    "@octokit/endpoint" "^9.0.1"
    "@octokit/request-error" "^5.1.0"
    "@octokit/types" "^13.1.0"
    universal-user-agent "^6.0.0"

"@octokit/types@^13.0.0", "@octokit/types@^13.1.0":
  version "13.6.2"
  resolved "https://registry.yarnpkg.com/@octokit/types/-/types-13.6.2.tgz#e10fc4d2bdd65d836d1ced223b03ad4cfdb525bd"
  integrity sha512-WpbZfZUcZU77DrSW4wbsSgTPfKcp286q3ItaIgvSbBpZJlu6mnYXAkjZz6LVZPXkEvLIM8McanyZejKTYUHipA==
  dependencies:
    "@octokit/openapi-types" "^22.2.0"

"@supabase/auth-js@2.65.1":
  version "2.65.1"
  resolved "https://registry.yarnpkg.com/@supabase/auth-js/-/auth-js-2.65.1.tgz#4f6ab9ece2e6613d2648ecf5482800f3766479ea"
  integrity sha512-IA7i2Xq2SWNCNMKxwmPlHafBQda0qtnFr8QnyyBr+KaSxoXXqEzFCnQ1dGTy6bsZjVBgXu++o3qrDypTspaAPw==
  dependencies:
    "@supabase/node-fetch" "^2.6.14"

"@supabase/functions-js@2.4.3":
  version "2.4.3"
  resolved "https://registry.yarnpkg.com/@supabase/functions-js/-/functions-js-2.4.3.tgz#ac1c696d3a1ebe00f60d5cea69b208078678ef8b"
  integrity sha512-sOLXy+mWRyu4LLv1onYydq+10mNRQ4rzqQxNhbrKLTLTcdcmS9hbWif0bGz/NavmiQfPs4ZcmQJp4WqOXlR4AQ==
  dependencies:
    "@supabase/node-fetch" "^2.6.14"

"@supabase/node-fetch@2.6.15", "@supabase/node-fetch@^2.6.14":
  version "2.6.15"
  resolved "https://registry.yarnpkg.com/@supabase/node-fetch/-/node-fetch-2.6.15.tgz#731271430e276983191930816303c44159e7226c"
  integrity sha512-1ibVeYUacxWYi9i0cf5efil6adJ9WRyZBLivgjs+AUpewx1F3xPi7gLgaASI2SmIQxPoCEjAsLAzKPgMJVgOUQ==
  dependencies:
    whatwg-url "^5.0.0"

"@supabase/postgrest-js@1.16.3":
  version "1.16.3"
  resolved "https://registry.yarnpkg.com/@supabase/postgrest-js/-/postgrest-js-1.16.3.tgz#d8e009e63b9152e46715982a6d706f1450c0af0d"
  integrity sha512-HI6dsbW68AKlOPofUjDTaosiDBCtW4XAm0D18pPwxoW3zKOE2Ru13Z69Wuys9fd6iTpfDViNco5sgrtnP0666A==
  dependencies:
    "@supabase/node-fetch" "^2.6.14"

"@supabase/realtime-js@2.10.9":
  version "2.10.9"
  resolved "https://registry.yarnpkg.com/@supabase/realtime-js/-/realtime-js-2.10.9.tgz#65eca5071090ed593355a3bb2e50417b94476bc3"
  integrity sha512-0AjN65VDNIScZzrrPaVvlND4vbgVS+j9Wcy3zf7e+l9JY4IwCTahFenPLcKy9bkr7KY0wfB7MkipZPKxMaDnjw==
  dependencies:
    "@supabase/node-fetch" "^2.6.14"
    "@types/phoenix" "^1.5.4"
    "@types/ws" "^8.5.10"
    ws "^8.18.0"

"@supabase/storage-js@2.7.1":
  version "2.7.1"
  resolved "https://registry.yarnpkg.com/@supabase/storage-js/-/storage-js-2.7.1.tgz#761482f237deec98a59e5af1ace18c7a5e0a69af"
  integrity sha512-asYHcyDR1fKqrMpytAS1zjyEfvxuOIp1CIXX7ji4lHHcJKqyk+sLl/Vxgm4sN6u8zvuUtae9e4kDxQP2qrwWBA==
  dependencies:
    "@supabase/node-fetch" "^2.6.14"

"@supabase/supabase-js@^2.0.0":
  version "2.46.2"
  resolved "https://registry.yarnpkg.com/@supabase/supabase-js/-/supabase-js-2.46.2.tgz#b886d173408a8a8b4081837364cfd0d01a3f73f8"
  integrity sha512-5FEzYMZhfIZrMWEqo5/dQincvrhM+DeMWH3/okeZrkBBW1AJxblOQhnhF4/dfNYK25oZ1O8dAnnxZ9gQqdr40w==
  dependencies:
    "@supabase/auth-js" "2.65.1"
    "@supabase/functions-js" "2.4.3"
    "@supabase/node-fetch" "2.6.15"
    "@supabase/postgrest-js" "1.16.3"
    "@supabase/realtime-js" "2.10.9"
    "@supabase/storage-js" "2.7.1"

"@types/node@*":
  version "22.10.1"
  resolved "https://registry.yarnpkg.com/@types/node/-/node-22.10.1.tgz#41ffeee127b8975a05f8c4f83fb89bcb2987d766"
  integrity sha512-qKgsUwfHZV2WCWLAnVP1JqnpE6Im6h3Y0+fYgMTasNQ7V++CBX5OT1as0g0f+OyubbFqhf6XVNIsmN4IIhEgGQ==
  dependencies:
    undici-types "~6.20.0"

"@types/phoenix@^1.5.4":
  version "1.6.6"
  resolved "https://registry.yarnpkg.com/@types/phoenix/-/phoenix-1.6.6.tgz#3c1ab53fd5a23634b8e37ea72ccacbf07fbc7816"
  integrity sha512-PIzZZlEppgrpoT2QgbnDU+MMzuR6BbCjllj0bM70lWoejMeNJAxCchxnv7J3XFkI8MpygtRpzXrIlmWUBclP5A==

"@types/ws@^8.5.10":
  version "8.5.13"
  resolved "https://registry.yarnpkg.com/@types/ws/-/ws-8.5.13.tgz#6414c280875e2691d0d1e080b05addbf5cb91e20"
  integrity sha512-osM/gWBTPKgHV8XkTunnegTRIsvF6owmf5w+JtAfOw472dptdm0dlGv4xCt6GwQRcC2XVOvvRE/0bAoQcL2QkA==
  dependencies:
    "@types/node" "*"

deprecation@^2.0.0:
  version "2.3.1"
  resolved "https://registry.yarnpkg.com/deprecation/-/deprecation-2.3.1.tgz#6368cbdb40abf3373b525ac87e4a260c3a700919"
  integrity sha512-xmHIy4F3scKVwMsQ4WnVaS8bHOx0DmVwRywosKhaILI0ywMDWPtBSku2HNxRvF7jtwDRsoEwYQSfbxj8b7RlJQ==

dotenv@^16.4.5:
  version "16.4.5"
  resolved "https://registry.yarnpkg.com/dotenv/-/dotenv-16.4.5.tgz#cdd3b3b604cb327e286b4762e13502f717cb099f"
  integrity sha512-ZmdL2rui+eB2YwhsWzjInR8LldtZHGDoQ1ugH85ppHKwpUHL7j7rN0Ti9NCnGiQbhaZ11FpR+7ao1dNsmduNUg==

once@^1.4.0:
  version "1.4.0"
  resolved "https://registry.yarnpkg.com/once/-/once-1.4.0.tgz#583b1aa775961d4b113ac17d9c50baef9dd76bd1"
  integrity sha512-lNaJgI+2Q5URQBkccEKHTQOPaXdUxnZZElQTZY0MFUAuaEqe1E+Nyvgdz/aIyNi6Z9MzO5dv1H8n58/GELp3+w==
  dependencies:
    wrappy "1"

tr46@~0.0.3:
  version "0.0.3"
  resolved "https://registry.yarnpkg.com/tr46/-/tr46-0.0.3.tgz#8184fd347dac9cdc185992f3a6622e14b9d9ab6a"
  integrity sha512-N3WMsuqV66lT30CrXNbEjx4GEwlow3v6rr4mCcv6prnfwhS01rkgyFdjPNBYd9br7LpXV1+Emh01fHnq2Gdgrw==

undici-types@~6.20.0:
  version "6.20.0"
  resolved "https://registry.yarnpkg.com/undici-types/-/undici-types-6.20.0.tgz#8171bf22c1f588d1554d55bf204bc624af388433"
  integrity sha512-Ny6QZ2Nju20vw1SRHe3d9jVu6gJ+4e3+MMpqu7pqE5HT6WsTSlce++GQmK5UXS8mzV8DSYHrQH+Xrf2jVcuKNg==

universal-user-agent@^6.0.0:
  version "6.0.1"
  resolved "https://registry.yarnpkg.com/universal-user-agent/-/universal-user-agent-6.0.1.tgz#15f20f55da3c930c57bddbf1734c6654d5fd35aa"
  integrity sha512-yCzhz6FN2wU1NiiQRogkTQszlQSlpWaw8SvVegAc+bDxbzHgh1vX8uIe8OYyMH6DwH+sdTJsgMl36+mSMdRJIQ==

webidl-conversions@^3.0.0:
  version "3.0.1"
  resolved "https://registry.yarnpkg.com/webidl-conversions/-/webidl-conversions-3.0.1.tgz#24534275e2a7bc6be7bc86611cc16ae0a5654871"
  integrity sha512-2JAn3z8AR6rjK8Sm8orRC0h/bcl/DqL7tRPdGZ4I1CjdF+EaMLmYxBHyXuKL849eucPFhvBoxMsflfOb8kxaeQ==

whatwg-url@^5.0.0:
  version "5.0.0"
  resolved "https://registry.yarnpkg.com/whatwg-url/-/whatwg-url-5.0.0.tgz#966454e8765462e37644d3626f6742ce8b70965d"
  integrity sha512-saE57nupxk6v3HY35+jzBwYa0rKSy0XR8JSxZPwgLr7ys0IBzhGviA1/TUGJLmSVqs8pb9AnvICXEuOHLprYTw==
  dependencies:
    tr46 "~0.0.3"
    webidl-conversions "^3.0.0"

wrappy@1:
  version "1.0.2"
  resolved "https://registry.yarnpkg.com/wrappy/-/wrappy-1.0.2.tgz#b5243d8f3ec1aa35f1364605bc0d1036e30ab69f"
  integrity sha512-l4Sp/DRseor9wL6EvV2+TuQn63dMkPjZ/sp9XkghTEbV9KlPS1xUsZ3u7/IQO4wxtcFB4bgpQPRcR3QCvezPcQ==

ws@^8.18.0:
  version "8.18.0"
  resolved "https://registry.yarnpkg.com/ws/-/ws-8.18.0.tgz#0d7505a6eafe2b0e712d232b42279f53bc289bbc"
  integrity sha512-8VbfWfHLbbwu3+N6OKsOMpBdT4kXPDDB9cJk2bJ6mh9ucxdlnNvH1e+roYkKmN9Nxw2yjz7VzeO9oOz2zJ04Pw==
